
Microsoft Visual Studio Solution File, Format Version 12.00
# Visual Studio Version 17
VisualStudioVersion = 17.0.32014.148
MinimumVisualStudioVersion = 10.0.40219.1
Project("{9A19103F-16F7-4668-BE54-9A1E7A4F7556}") = "ThirdTask", "ThirdTask\ThirdTask.csproj", "{05158D0C-03B5-484A-9A2F-16854B03C9B1}"
EndProject
Project("{FAE04EC0-301F-11D3-BF4B-00C04F79EFBC}") = "ThirdTask.Tests", "ThirdTask.Tests\ThirdTask.Tests.csproj", "{ECBA164D-75BE-4C63-8632-6F40FB82A78E}"
EndProject
Global
	GlobalSection(SolutionConfigurationPlatforms) = preSolution
		Debug|Any CPU = Debug|Any CPU
		Release|Any CPU = Release|Any CPU
	EndGlobalSection
	GlobalSection(ProjectConfigurationPlatforms) = postSolution
		{05158D0C-03B5-484A-9A2F-16854B03C9B1}.Debug|Any CPU.ActiveCfg = Debug|Any CPU
		{05158D0C-03B5-484A-9A2F-16854B03C9B1}.Debug|Any CPU.Build.0 = Debug|Any CPU
		{05158D0C-03B5-484A-9A2F-16854B03C9B1}.Release|Any CPU.ActiveCfg = Release|Any CPU
		{05158D0C-03B5-484A-9A2F-16854B03C9B1}.Release|Any CPU.Build.0 = Release|Any CPU
		{ECBA164D-75BE-4C63-8632-6F40FB82A78E}.Debug|Any CPU.ActiveCfg = Debug|Any CPU
		{ECBA164D-75BE-4C63-8632-6F40FB82A78E}.Debug|Any CPU.Build.0 = Debug|Any CPU
		{ECBA164D-75BE-4C63-8632-6F40FB82A78E}.Release|Any CPU.ActiveCfg = Release|Any CPU
		{ECBA164D-75BE-4C63-8632-6F40FB82A78E}.Release|Any CPU.Build.0 = Release|Any CPU
	EndGlobalSection
	GlobalSection(SolutionProperties) = preSolution
		HideSolutionNode = FALSE
	EndGlobalSection
	GlobalSection(ExtensibilityGlobals) = postSolution
		SolutionGuid = {7F50C6DC-A38A-4585-A855-AA8A2918268C}
	EndGlobalSection
EndGlobal
